
Microsoft Visual Studio Solution File, Format Version 12.00
# Visual Studio 2012
Project("{FAE04EC0-301F-11D3-BF4B-00C04F79EFBC}") = "courseWork", "courseWork\courseWork.csproj", "{24525D11-2E01-4A4A-BF26-3907233DAFCE}"
EndProject
Global
	GlobalSection(SolutionConfigurationPlatforms) = preSolution
		Debug|Any CPU = Debug|Any CPU
		Release|Any CPU = Release|Any CPU
	EndGlobalSection
	GlobalSection(ProjectConfigurationPlatforms) = postSolution
		{24525D11-2E01-4A4A-BF26-3907233DAFCE}.Debug|Any CPU.ActiveCfg = Debug|Any CPU
		{24525D11-2E01-4A4A-BF26-3907233DAFCE}.Debug|Any CPU.Build.0 = Debug|Any CPU
		{24525D11-2E01-4A4A-BF26-3907233DAFCE}.Release|Any CPU.ActiveCfg = Release|Any CPU
		{24525D11-2E01-4A4A-BF26-3907233DAFCE}.Release|Any CPU.Build.0 = Release|Any CPU
	EndGlobalSection
	GlobalSection(SolutionProperties) = preSolution
		HideSolutionNode = FALSE
	EndGlobalSection
EndGlobal
